// !$*UTF8*$!
{
	archiveVersion = 1;
	classes = {
	};
	objectVersion = 46;
	objects = {

/* Begin PBXBuildFile section */
		4847AA451A896EFB000F736D /* HotelListViewController.m in Sources */ = {isa = PBXBuildFile; fileRef = 4847AA441A896EFB000F736D /* HotelListViewController.m */; };
		4847AA471A89776A000F736D /* Tasks in Resources */ = {isa = PBXBuildFile; fileRef = 4847AA461A89776A000F736D /* Tasks */; };
		4847AA4A1A897826000F736D /* RoomsViewController.m in Sources */ = {isa = PBXBuildFile; fileRef = 4847AA491A897826000F736D /* RoomsViewController.m */; };
		487785B81A89548B00AFDCB9 /* main.m in Sources */ = {isa = PBXBuildFile; fileRef = 487785B71A89548B00AFDCB9 /* main.m */; };
		487785BB1A89548B00AFDCB9 /* AppDelegate.m in Sources */ = {isa = PBXBuildFile; fileRef = 487785BA1A89548B00AFDCB9 /* AppDelegate.m */; };
		487785BE1A89548B00AFDCB9 /* HotelsGalore.xcdatamodeld in Sources */ = {isa = PBXBuildFile; fileRef = 487785BC1A89548B00AFDCB9 /* HotelsGalore.xcdatamodeld */; };
		487785C11A89548B00AFDCB9 /* ViewController.m in Sources */ = {isa = PBXBuildFile; fileRef = 487785C01A89548B00AFDCB9 /* ViewController.m */; };
		487785C41A89548B00AFDCB9 /* Main.storyboard in Resources */ = {isa = PBXBuildFile; fileRef = 487785C21A89548B00AFDCB9 /* Main.storyboard */; };
		487785C61A89548B00AFDCB9 /* Images.xcassets in Resources */ = {isa = PBXBuildFile; fileRef = 487785C51A89548B00AFDCB9 /* Images.xcassets */; };
		487785C91A89548B00AFDCB9 /* LaunchScreen.xib in Resources */ = {isa = PBXBuildFile; fileRef = 487785C71A89548B00AFDCB9 /* LaunchScreen.xib */; };
		487785D51A89548B00AFDCB9 /* HotelsGaloreTests.m in Sources */ = {isa = PBXBuildFile; fileRef = 487785D41A89548B00AFDCB9 /* HotelsGaloreTests.m */; };
		487785E01A895A1C00AFDCB9 /* Room.m in Sources */ = {isa = PBXBuildFile; fileRef = 487785DF1A895A1C00AFDCB9 /* Room.m */; };
		487785E31A895A1C00AFDCB9 /* Reservation.m in Sources */ = {isa = PBXBuildFile; fileRef = 487785E21A895A1C00AFDCB9 /* Reservation.m */; };
		487785E61A895A1C00AFDCB9 /* Guest.m in Sources */ = {isa = PBXBuildFile; fileRef = 487785E51A895A1C00AFDCB9 /* Guest.m */; };
		487785E91A895A1C00AFDCB9 /* Hotel.m in Sources */ = {isa = PBXBuildFile; fileRef = 487785E81A895A1C00AFDCB9 /* Hotel.m */; };
		487785EB1A8965EB00AFDCB9 /* seed.json in Resources */ = {isa = PBXBuildFile; fileRef = 487785EA1A8965EB00AFDCB9 /* seed.json */; };
		48E1B3351A8AACAD00EC2715 /* ReservationsViewController.m in Sources */ = {isa = PBXBuildFile; fileRef = 48E1B3341A8AACAD00EC2715 /* ReservationsViewController.m */; };
		48E1B3381A8ABD6400EC2715 /* AvailabilityViewController.m in Sources */ = {isa = PBXBuildFile; fileRef = 48E1B3371A8ABD6400EC2715 /* AvailabilityViewController.m */; };
		48F259E01A8BFA8D00172030 /* HotelService.m in Sources */ = {isa = PBXBuildFile; fileRef = 48F259DF1A8BFA8D00172030 /* HotelService.m */; };
		48F259E31A8BFB1200172030 /* CoreDataStack.m in Sources */ = {isa = PBXBuildFile; fileRef = 48F259E21A8BFB1200172030 /* CoreDataStack.m */; };
		48F259E61A8C08C500172030 /* ReservationListViewController.m in Sources */ = {isa = PBXBuildFile; fileRef = 48F259E51A8C08C500172030 /* ReservationListViewController.m */; };
		48F259E81A8C1D3300172030 /* HotelServiceTests.m in Sources */ = {isa = PBXBuildFile; fileRef = 48F259E71A8C1D3300172030 /* HotelServiceTests.m */; };
		48F91C9E1A8EE1B500496E42 /* HashTable.m in Sources */ = {isa = PBXBuildFile; fileRef = 48F91C9D1A8EE1B500496E42 /* HashTable.m */; };
		48F91CA11A8EE24F00496E42 /* Bucket.m in Sources */ = {isa = PBXBuildFile; fileRef = 48F91CA01A8EE24F00496E42 /* Bucket.m */; };
/* End PBXBuildFile section */

/* Begin PBXContainerItemProxy section */
		487785CF1A89548B00AFDCB9 /* PBXContainerItemProxy */ = {
			isa = PBXContainerItemProxy;
			containerPortal = 487785AA1A89548A00AFDCB9 /* Project object */;
			proxyType = 1;
			remoteGlobalIDString = 487785B11A89548A00AFDCB9;
			remoteInfo = HotelsGalore;
		};
/* End PBXContainerItemProxy section */

/* Begin PBXFileReference section */
		4847AA431A896EFB000F736D /* HotelListViewController.h */ = {isa = PBXFileReference; fileEncoding = 4; lastKnownFileType = sourcecode.c.h; name = HotelListViewController.h; path = ../HotelListViewController.h; sourceTree = "<group>"; };
		4847AA441A896EFB000F736D /* HotelListViewController.m */ = {isa = PBXFileReference; fileEncoding = 4; lastKnownFileType = sourcecode.c.objc; name = HotelListViewController.m; path = ../HotelListViewController.m; sourceTree = "<group>"; };
		4847AA461A89776A000F736D /* Tasks */ = {isa = PBXFileReference; fileEncoding = 4; lastKnownFileType = text; path = Tasks; sourceTree = "<group>"; };
		4847AA481A897826000F736D /* RoomsViewController.h */ = {isa = PBXFileReference; fileEncoding = 4; lastKnownFileType = sourcecode.c.h; path = RoomsViewController.h; sourceTree = "<group>"; };
		4847AA491A897826000F736D /* RoomsViewController.m */ = {isa = PBXFileReference; fileEncoding = 4; lastKnownFileType = sourcecode.c.objc; path = RoomsViewController.m; sourceTree = "<group>"; };
		487785B21A89548A00AFDCB9 /* HotelsGalore.app */ = {isa = PBXFileReference; explicitFileType = wrapper.application; includeInIndex = 0; path = HotelsGalore.app; sourceTree = BUILT_PRODUCTS_DIR; };
		487785B61A89548A00AFDCB9 /* Info.plist */ = {isa = PBXFileReference; lastKnownFileType = text.plist.xml; path = Info.plist; sourceTree = "<group>"; };
		487785B71A89548B00AFDCB9 /* main.m */ = {isa = PBXFileReference; lastKnownFileType = sourcecode.c.objc; path = main.m; sourceTree = "<group>"; };
		487785B91A89548B00AFDCB9 /* AppDelegate.h */ = {isa = PBXFileReference; lastKnownFileType = sourcecode.c.h; path = AppDelegate.h; sourceTree = "<group>"; };
		487785BA1A89548B00AFDCB9 /* AppDelegate.m */ = {isa = PBXFileReference; lastKnownFileType = sourcecode.c.objc; path = AppDelegate.m; sourceTree = "<group>"; };
		487785BD1A89548B00AFDCB9 /* HotelsGalore.xcdatamodel */ = {isa = PBXFileReference; lastKnownFileType = wrapper.xcdatamodel; path = HotelsGalore.xcdatamodel; sourceTree = "<group>"; };
		487785BF1A89548B00AFDCB9 /* ViewController.h */ = {isa = PBXFileReference; lastKnownFileType = sourcecode.c.h; path = ViewController.h; sourceTree = "<group>"; };
		487785C01A89548B00AFDCB9 /* ViewController.m */ = {isa = PBXFileReference; lastKnownFileType = sourcecode.c.objc; path = ViewController.m; sourceTree = "<group>"; };
		487785C31A89548B00AFDCB9 /* Base */ = {isa = PBXFileReference; lastKnownFileType = file.storyboard; name = Base; path = Base.lproj/Main.storyboard; sourceTree = "<group>"; };
		487785C51A89548B00AFDCB9 /* Images.xcassets */ = {isa = PBXFileReference; lastKnownFileType = folder.assetcatalog; path = Images.xcassets; sourceTree = "<group>"; };
		487785C81A89548B00AFDCB9 /* Base */ = {isa = PBXFileReference; lastKnownFileType = file.xib; name = Base; path = Base.lproj/LaunchScreen.xib; sourceTree = "<group>"; };
		487785CE1A89548B00AFDCB9 /* HotelsGaloreTests.xctest */ = {isa = PBXFileReference; explicitFileType = wrapper.cfbundle; includeInIndex = 0; path = HotelsGaloreTests.xctest; sourceTree = BUILT_PRODUCTS_DIR; };
		487785D31A89548B00AFDCB9 /* Info.plist */ = {isa = PBXFileReference; lastKnownFileType = text.plist.xml; path = Info.plist; sourceTree = "<group>"; };
		487785D41A89548B00AFDCB9 /* HotelsGaloreTests.m */ = {isa = PBXFileReference; lastKnownFileType = sourcecode.c.objc; path = HotelsGaloreTests.m; sourceTree = "<group>"; };
		487785DE1A895A1C00AFDCB9 /* Room.h */ = {isa = PBXFileReference; fileEncoding = 4; lastKnownFileType = sourcecode.c.h; path = Room.h; sourceTree = "<group>"; };
		487785DF1A895A1C00AFDCB9 /* Room.m */ = {isa = PBXFileReference; fileEncoding = 4; lastKnownFileType = sourcecode.c.objc; path = Room.m; sourceTree = "<group>"; };
		487785E11A895A1C00AFDCB9 /* Reservation.h */ = {isa = PBXFileReference; fileEncoding = 4; lastKnownFileType = sourcecode.c.h; path = Reservation.h; sourceTree = "<group>"; };
		487785E21A895A1C00AFDCB9 /* Reservation.m */ = {isa = PBXFileReference; fileEncoding = 4; lastKnownFileType = sourcecode.c.objc; path = Reservation.m; sourceTree = "<group>"; };
		487785E41A895A1C00AFDCB9 /* Guest.h */ = {isa = PBXFileReference; fileEncoding = 4; lastKnownFileType = sourcecode.c.h; path = Guest.h; sourceTree = "<group>"; };
		487785E51A895A1C00AFDCB9 /* Guest.m */ = {isa = PBXFileReference; fileEncoding = 4; lastKnownFileType = sourcecode.c.objc; path = Guest.m; sourceTree = "<group>"; };
		487785E71A895A1C00AFDCB9 /* Hotel.h */ = {isa = PBXFileReference; fileEncoding = 4; lastKnownFileType = sourcecode.c.h; path = Hotel.h; sourceTree = "<group>"; };
		487785E81A895A1C00AFDCB9 /* Hotel.m */ = {isa = PBXFileReference; fileEncoding = 4; lastKnownFileType = sourcecode.c.objc; path = Hotel.m; sourceTree = "<group>"; };
		487785EA1A8965EB00AFDCB9 /* seed.json */ = {isa = PBXFileReference; fileEncoding = 4; lastKnownFileType = text.json; path = seed.json; sourceTree = "<group>"; };
		48E1B3331A8AACAD00EC2715 /* ReservationsViewController.h */ = {isa = PBXFileReference; fileEncoding = 4; lastKnownFileType = sourcecode.c.h; path = ReservationsViewController.h; sourceTree = "<group>"; };
		48E1B3341A8AACAD00EC2715 /* ReservationsViewController.m */ = {isa = PBXFileReference; fileEncoding = 4; lastKnownFileType = sourcecode.c.objc; path = ReservationsViewController.m; sourceTree = "<group>"; };
		48E1B3361A8ABD6400EC2715 /* AvailabilityViewController.h */ = {isa = PBXFileReference; fileEncoding = 4; lastKnownFileType = sourcecode.c.h; path = AvailabilityViewController.h; sourceTree = "<group>"; };
		48E1B3371A8ABD6400EC2715 /* AvailabilityViewController.m */ = {isa = PBXFileReference; fileEncoding = 4; lastKnownFileType = sourcecode.c.objc; path = AvailabilityViewController.m; sourceTree = "<group>"; };
		48F259DE1A8BFA8D00172030 /* HotelService.h */ = {isa = PBXFileReference; fileEncoding = 4; lastKnownFileType = sourcecode.c.h; path = HotelService.h; sourceTree = "<group>"; };
		48F259DF1A8BFA8D00172030 /* HotelService.m */ = {isa = PBXFileReference; fileEncoding = 4; lastKnownFileType = sourcecode.c.objc; path = HotelService.m; sourceTree = "<group>"; };
		48F259E11A8BFB1200172030 /* CoreDataStack.h */ = {isa = PBXFileReference; fileEncoding = 4; lastKnownFileType = sourcecode.c.h; path = CoreDataStack.h; sourceTree = "<group>"; };
		48F259E21A8BFB1200172030 /* CoreDataStack.m */ = {isa = PBXFileReference; fileEncoding = 4; lastKnownFileType = sourcecode.c.objc; path = CoreDataStack.m; sourceTree = "<group>"; };
		48F259E41A8C08C500172030 /* ReservationListViewController.h */ = {isa = PBXFileReference; fileEncoding = 4; lastKnownFileType = sourcecode.c.h; name = ReservationListViewController.h; path = ../ReservationListViewController.h; sourceTree = "<group>"; };
		48F259E51A8C08C500172030 /* ReservationListViewController.m */ = {isa = PBXFileReference; fileEncoding = 4; lastKnownFileType = sourcecode.c.objc; name = ReservationListViewController.m; path = ../ReservationListViewController.m; sourceTree = "<group>"; };
		48F259E71A8C1D3300172030 /* HotelServiceTests.m */ = {isa = PBXFileReference; fileEncoding = 4; lastKnownFileType = sourcecode.c.objc; name = HotelServiceTests.m; path = ../HotelsGalore/HotelServiceTests.m; sourceTree = "<group>"; };
		48F91C9C1A8EE1B500496E42 /* HashTable.h */ = {isa = PBXFileReference; fileEncoding = 4; lastKnownFileType = sourcecode.c.h; name = HashTable.h; path = HotelsGaloreTests/HashTable.h; sourceTree = SOURCE_ROOT; };
		48F91C9D1A8EE1B500496E42 /* HashTable.m */ = {isa = PBXFileReference; fileEncoding = 4; lastKnownFileType = sourcecode.c.objc; name = HashTable.m; path = HotelsGaloreTests/HashTable.m; sourceTree = SOURCE_ROOT; };
		48F91C9F1A8EE24F00496E42 /* Bucket.h */ = {isa = PBXFileReference; fileEncoding = 4; lastKnownFileType = sourcecode.c.h; name = Bucket.h; path = ../Bucket.h; sourceTree = "<group>"; };
		48F91CA01A8EE24F00496E42 /* Bucket.m */ = {isa = PBXFileReference; fileEncoding = 4; lastKnownFileType = sourcecode.c.objc; name = Bucket.m; path = ../Bucket.m; sourceTree = "<group>"; };
/* End PBXFileReference section */

/* Begin PBXFrameworksBuildPhase section */
		487785AF1A89548A00AFDCB9 /* Frameworks */ = {
			isa = PBXFrameworksBuildPhase;
			buildActionMask = 2147483647;
			files = (
			);
			runOnlyForDeploymentPostprocessing = 0;
		};
		487785CB1A89548B00AFDCB9 /* Frameworks */ = {
			isa = PBXFrameworksBuildPhase;
			buildActionMask = 2147483647;
			files = (
			);
			runOnlyForDeploymentPostprocessing = 0;
		};
/* End PBXFrameworksBuildPhase section */

/* Begin PBXGroup section */
		487785A91A89548A00AFDCB9 = {
			isa = PBXGroup;
			children = (
				487785B41A89548A00AFDCB9 /* HotelsGalore */,
				487785D11A89548B00AFDCB9 /* HotelsGaloreTests */,
				487785B31A89548A00AFDCB9 /* Products */,
			);
			sourceTree = "<group>";
		};
		487785B31A89548A00AFDCB9 /* Products */ = {
			isa = PBXGroup;
			children = (
				487785B21A89548A00AFDCB9 /* HotelsGalore.app */,
				487785CE1A89548B00AFDCB9 /* HotelsGaloreTests.xctest */,
			);
			name = Products;
			sourceTree = "<group>";
		};
		487785B41A89548A00AFDCB9 /* HotelsGalore */ = {
			isa = PBXGroup;
			children = (
				487785B91A89548B00AFDCB9 /* AppDelegate.h */,
				487785BA1A89548B00AFDCB9 /* AppDelegate.m */,
				48F91C9F1A8EE24F00496E42 /* Bucket.h */,
				48F91CA01A8EE24F00496E42 /* Bucket.m */,
				487785BF1A89548B00AFDCB9 /* ViewController.h */,
				487785C01A89548B00AFDCB9 /* ViewController.m */,
				48F91C9C1A8EE1B500496E42 /* HashTable.h */,
				48F91C9D1A8EE1B500496E42 /* HashTable.m */,
				4847AA431A896EFB000F736D /* HotelListViewController.h */,
				4847AA441A896EFB000F736D /* HotelListViewController.m */,
				4847AA461A89776A000F736D /* Tasks */,
				48F259E41A8C08C500172030 /* ReservationListViewController.h */,
				48F259E51A8C08C500172030 /* ReservationListViewController.m */,
				48E1B3331A8AACAD00EC2715 /* ReservationsViewController.h */,
				48E1B3341A8AACAD00EC2715 /* ReservationsViewController.m */,
				4847AA481A897826000F736D /* RoomsViewController.h */,
				4847AA491A897826000F736D /* RoomsViewController.m */,
				487785EA1A8965EB00AFDCB9 /* seed.json */,
				487785C21A89548B00AFDCB9 /* Main.storyboard */,
				48E1B3361A8ABD6400EC2715 /* AvailabilityViewController.h */,
				48E1B3371A8ABD6400EC2715 /* AvailabilityViewController.m */,
				48F259E11A8BFB1200172030 /* CoreDataStack.h */,
				48F259E21A8BFB1200172030 /* CoreDataStack.m */,
				48F259DE1A8BFA8D00172030 /* HotelService.h */,
				48F259DF1A8BFA8D00172030 /* HotelService.m */,
				487785C51A89548B00AFDCB9 /* Images.xcassets */,
				487785C71A89548B00AFDCB9 /* LaunchScreen.xib */,
				487785BC1A89548B00AFDCB9 /* HotelsGalore.xcdatamodeld */,
				487785E71A895A1C00AFDCB9 /* Hotel.h */,
				487785E81A895A1C00AFDCB9 /* Hotel.m */,
				487785E41A895A1C00AFDCB9 /* Guest.h */,
				487785E51A895A1C00AFDCB9 /* Guest.m */,
				487785E11A895A1C00AFDCB9 /* Reservation.h */,
				487785E21A895A1C00AFDCB9 /* Reservation.m */,
				487785DE1A895A1C00AFDCB9 /* Room.h */,
				487785DF1A895A1C00AFDCB9 /* Room.m */,
				487785B51A89548A00AFDCB9 /* Supporting Files */,
			);
			path = HotelsGalore;
			sourceTree = "<group>";
		};
		487785B51A89548A00AFDCB9 /* Supporting Files */ = {
			isa = PBXGroup;
			children = (
				487785B61A89548A00AFDCB9 /* Info.plist */,
				487785B71A89548B00AFDCB9 /* main.m */,
			);
			name = "Supporting Files";
			sourceTree = "<group>";
		};
		487785D11A89548B00AFDCB9 /* HotelsGaloreTests */ = {
			isa = PBXGroup;
			children = (
				48F259E71A8C1D3300172030 /* HotelServiceTests.m */,
				487785D41A89548B00AFDCB9 /* HotelsGaloreTests.m */,
				487785D21A89548B00AFDCB9 /* Supporting Files */,
			);
			path = HotelsGaloreTests;
			sourceTree = "<group>";
		};
		487785D21A89548B00AFDCB9 /* Supporting Files */ = {
			isa = PBXGroup;
			children = (
				487785D31A89548B00AFDCB9 /* Info.plist */,
			);
			name = "Supporting Files";
			sourceTree = "<group>";
		};
/* End PBXGroup section */

/* Begin PBXNativeTarget section */
		487785B11A89548A00AFDCB9 /* HotelsGalore */ = {
			isa = PBXNativeTarget;
			buildConfigurationList = 487785D81A89548B00AFDCB9 /* Build configuration list for PBXNativeTarget "HotelsGalore" */;
			buildPhases = (
				487785AE1A89548A00AFDCB9 /* Sources */,
				487785AF1A89548A00AFDCB9 /* Frameworks */,
				487785B01A89548A00AFDCB9 /* Resources */,
			);
			buildRules = (
			);
			dependencies = (
			);
			name = HotelsGalore;
			productName = HotelsGalore;
			productReference = 487785B21A89548A00AFDCB9 /* HotelsGalore.app */;
			productType = "com.apple.product-type.application";
		};
		487785CD1A89548B00AFDCB9 /* HotelsGaloreTests */ = {
			isa = PBXNativeTarget;
			buildConfigurationList = 487785DB1A89548B00AFDCB9 /* Build configuration list for PBXNativeTarget "HotelsGaloreTests" */;
			buildPhases = (
				487785CA1A89548B00AFDCB9 /* Sources */,
				487785CB1A89548B00AFDCB9 /* Frameworks */,
				487785CC1A89548B00AFDCB9 /* Resources */,
			);
			buildRules = (
			);
			dependencies = (
				487785D01A89548B00AFDCB9 /* PBXTargetDependency */,
			);
			name = HotelsGaloreTests;
			productName = HotelsGaloreTests;
			productReference = 487785CE1A89548B00AFDCB9 /* HotelsGaloreTests.xctest */;
			productType = "com.apple.product-type.bundle.unit-test";
		};
/* End PBXNativeTarget section */

/* Begin PBXProject section */
		487785AA1A89548A00AFDCB9 /* Project object */ = {
			isa = PBXProject;
			attributes = {
				LastUpgradeCheck = 0610;
				ORGANIZATIONNAME = "Rodrigo Carballo";
				TargetAttributes = {
					487785B11A89548A00AFDCB9 = {
						CreatedOnToolsVersion = 6.1.1;
					};
					487785CD1A89548B00AFDCB9 = {
						CreatedOnToolsVersion = 6.1.1;
						TestTargetID = 487785B11A89548A00AFDCB9;
					};
				};
			};
			buildConfigurationList = 487785AD1A89548A00AFDCB9 /* Build configuration list for PBXProject "HotelsGalore" */;
			compatibilityVersion = "Xcode 3.2";
			developmentRegion = English;
			hasScannedForEncodings = 0;
			knownRegions = (
				en,
				Base,
			);
			mainGroup = 487785A91A89548A00AFDCB9;
			productRefGroup = 487785B31A89548A00AFDCB9 /* Products */;
			projectDirPath = "";
			projectRoot = "";
			targets = (
				487785B11A89548A00AFDCB9 /* HotelsGalore */,
				487785CD1A89548B00AFDCB9 /* HotelsGaloreTests */,
			);
		};
/* End PBXProject section */

/* Begin PBXResourcesBuildPhase section */
		487785B01A89548A00AFDCB9 /* Resources */ = {
			isa = PBXResourcesBuildPhase;
			buildActionMask = 2147483647;
			files = (
				487785C41A89548B00AFDCB9 /* Main.storyboard in Resources */,
				487785C91A89548B00AFDCB9 /* LaunchScreen.xib in Resources */,
				4847AA471A89776A000F736D /* Tasks in Resources */,
				487785EB1A8965EB00AFDCB9 /* seed.json in Resources */,
				487785C61A89548B00AFDCB9 /* Images.xcassets in Resources */,
			);
			runOnlyForDeploymentPostprocessing = 0;
		};
		487785CC1A89548B00AFDCB9 /* Resources */ = {
			isa = PBXResourcesBuildPhase;
			buildActionMask = 2147483647;
			files = (
			);
			runOnlyForDeploymentPostprocessing = 0;
		};
/* End PBXResourcesBuildPhase section */

/* Begin PBXSourcesBuildPhase section */
		487785AE1A89548A00AFDCB9 /* Sources */ = {
			isa = PBXSourcesBuildPhase;
			buildActionMask = 2147483647;
			files = (
				487785E31A895A1C00AFDCB9 /* Reservation.m in Sources */,
				48E1B3381A8ABD6400EC2715 /* AvailabilityViewController.m in Sources */,
				48F91C9E1A8EE1B500496E42 /* HashTable.m in Sources */,
				48F259E01A8BFA8D00172030 /* HotelService.m in Sources */,
				48E1B3351A8AACAD00EC2715 /* ReservationsViewController.m in Sources */,
				487785E01A895A1C00AFDCB9 /* Room.m in Sources */,
				487785E61A895A1C00AFDCB9 /* Guest.m in Sources */,
				487785BB1A89548B00AFDCB9 /* AppDelegate.m in Sources */,
				487785BE1A89548B00AFDCB9 /* HotelsGalore.xcdatamodeld in Sources */,
				487785C11A89548B00AFDCB9 /* ViewController.m in Sources */,
				48F259E31A8BFB1200172030 /* CoreDataStack.m in Sources */,
				48F259E61A8C08C500172030 /* ReservationListViewController.m in Sources */,
				487785E91A895A1C00AFDCB9 /* Hotel.m in Sources */,
				4847AA4A1A897826000F736D /* RoomsViewController.m in Sources */,
				487785B81A89548B00AFDCB9 /* main.m in Sources */,
				48F91CA11A8EE24F00496E42 /* Bucket.m in Sources */,
				4847AA451A896EFB000F736D /* HotelListViewController.m in Sources */,
			);
			runOnlyForDeploymentPostprocessing = 0;
		};
		487785CA1A89548B00AFDCB9 /* Sources */ = {
			isa = PBXSourcesBuildPhase;
			buildActionMask = 2147483647;
			files = (
				48F259E81A8C1D3300172030 /* HotelServiceTests.m in Sources */,
				487785D51A89548B00AFDCB9 /* HotelsGaloreTests.m in Sources */,
			);
			runOnlyForDeploymentPostprocessing = 0;
		};
/* End PBXSourcesBuildPhase section */

/* Begin PBXTargetDependency section */
		487785D01A89548B00AFDCB9 /* PBXTargetDependency */ = {
			isa = PBXTargetDependency;
			target = 487785B11A89548A00AFDCB9 /* HotelsGalore */;
			targetProxy = 487785CF1A89548B00AFDCB9 /* PBXContainerItemProxy */;
		};
/* End PBXTargetDependency section */

/* Begin PBXVariantGroup section */
		487785C21A89548B00AFDCB9 /* Main.storyboard */ = {
			isa = PBXVariantGroup;
			children = (
				487785C31A89548B00AFDCB9 /* Base */,
			);
			name = Main.storyboard;
			sourceTree = "<group>";
		};
		487785C71A89548B00AFDCB9 /* LaunchScreen.xib */ = {
			isa = PBXVariantGroup;
			children = (
				487785C81A89548B00AFDCB9 /* Base */,
			);
			name = LaunchScreen.xib;
			sourceTree = "<group>";
		};
/* End PBXVariantGroup section */

/* Begin XCBuildConfiguration section */
		487785D61A89548B00AFDCB9 /* Debug */ = {
			isa = XCBuildConfiguration;
			buildSettings = {
				ALWAYS_SEARCH_USER_PATHS = NO;
				CLANG_CXX_LANGUAGE_STANDARD = "gnu++0x";
				CLANG_CXX_LIBRARY = "libc++";
				CLANG_ENABLE_MODULES = YES;
				CLANG_ENABLE_OBJC_ARC = YES;
				CLANG_WARN_BOOL_CONVERSION = YES;
				CLANG_WARN_CONSTANT_CONVERSION = YES;
				CLANG_WARN_DIRECT_OBJC_ISA_USAGE = YES_ERROR;
				CLANG_WARN_EMPTY_BODY = YES;
				CLANG_WARN_ENUM_CONVERSION = YES;
				CLANG_WARN_INT_CONVERSION = YES;
				CLANG_WARN_OBJC_ROOT_CLASS = YES_ERROR;
				CLANG_WARN_UNREACHABLE_CODE = YES;
				CLANG_WARN__DUPLICATE_METHOD_MATCH = YES;
				"CODE_SIGN_IDENTITY[sdk=iphoneos*]" = "iPhone Developer";
				COPY_PHASE_STRIP = NO;
				ENABLE_STRICT_OBJC_MSGSEND = YES;
				GCC_C_LANGUAGE_STANDARD = gnu99;
				GCC_DYNAMIC_NO_PIC = NO;
				GCC_OPTIMIZATION_LEVEL = 0;
				GCC_PREPROCESSOR_DEFINITIONS = (
					"DEBUG=1",
					"$(inherited)",
				);
				GCC_SYMBOLS_PRIVATE_EXTERN = NO;
				GCC_WARN_64_TO_32_BIT_CONVERSION = YES;
				GCC_WARN_ABOUT_RETURN_TYPE = YES_ERROR;
				GCC_WARN_UNDECLARED_SELECTOR = YES;
				GCC_WARN_UNINITIALIZED_AUTOS = YES_AGGRESSIVE;
				GCC_WARN_UNUSED_FUNCTION = YES;
				GCC_WARN_UNUSED_VARIABLE = YES;
				IPHONEOS_DEPLOYMENT_TARGET = 8.1;
				MTL_ENABLE_DEBUG_INFO = YES;
				ONLY_ACTIVE_ARCH = YES;
				SDKROOT = iphoneos;
				TARGETED_DEVICE_FAMILY = "1,2";
			};
			name = Debug;
		};
		487785D71A89548B00AFDCB9 /* Release */ = {
			isa = XCBuildConfiguration;
			buildSettings = {
				ALWAYS_SEARCH_USER_PATHS = NO;
				CLANG_CXX_LANGUAGE_STANDARD = "gnu++0x";
				CLANG_CXX_LIBRARY = "libc++";
				CLANG_ENABLE_MODULES = YES;
				CLANG_ENABLE_OBJC_ARC = YES;
				CLANG_WARN_BOOL_CONVERSION = YES;
				CLANG_WARN_CONSTANT_CONVERSION = YES;
				CLANG_WARN_DIRECT_OBJC_ISA_USAGE = YES_ERROR;
				CLANG_WARN_EMPTY_BODY = YES;
				CLANG_WARN_ENUM_CONVERSION = YES;
				CLANG_WARN_INT_CONVERSION = YES;
				CLANG_WARN_OBJC_ROOT_CLASS = YES_ERROR;
				CLANG_WARN_UNREACHABLE_CODE = YES;
				CLANG_WARN__DUPLICATE_METHOD_MATCH = YES;
				"CODE_SIGN_IDENTITY[sdk=iphoneos*]" = "iPhone Developer";
				COPY_PHASE_STRIP = YES;
				ENABLE_NS_ASSERTIONS = NO;
				ENABLE_STRICT_OBJC_MSGSEND = YES;
				GCC_C_LANGUAGE_STANDARD = gnu99;
				GCC_WARN_64_TO_32_BIT_CONVERSION = YES;
				GCC_WARN_ABOUT_RETURN_TYPE = YES_ERROR;
				GCC_WARN_UNDECLARED_SELECTOR = YES;
				GCC_WARN_UNINITIALIZED_AUTOS = YES_AGGRESSIVE;
				GCC_WARN_UNUSED_FUNCTION = YES;
				GCC_WARN_UNUSED_VARIABLE = YES;
				IPHONEOS_DEPLOYMENT_TARGET = 8.1;
				MTL_ENABLE_DEBUG_INFO = NO;
				SDKROOT = iphoneos;
				TARGETED_DEVICE_FAMILY = "1,2";
				VALIDATE_PRODUCT = YES;
			};
			name = Release;
		};
		487785D91A89548B00AFDCB9 /* Debug */ = {
			isa = XCBuildConfiguration;
			buildSettings = {
				ASSETCATALOG_COMPILER_APPICON_NAME = AppIcon;
				INFOPLIST_FILE = HotelsGalore/Info.plist;
				LD_RUNPATH_SEARCH_PATHS = "$(inherited) @executable_path/Frameworks";
				PRODUCT_NAME = "$(TARGET_NAME)";
			};
			name = Debug;
		};
		487785DA1A89548B00AFDCB9 /* Release */ = {
			isa = XCBuildConfiguration;
			buildSettings = {
				ASSETCATALOG_COMPILER_APPICON_NAME = AppIcon;
				INFOPLIST_FILE = HotelsGalore/Info.plist;
				LD_RUNPATH_SEARCH_PATHS = "$(inherited) @executable_path/Frameworks";
				PRODUCT_NAME = "$(TARGET_NAME)";
			};
			name = Release;
		};
		487785DC1A89548B00AFDCB9 /* Debug */ = {
			isa = XCBuildConfiguration;
			buildSettings = {
				BUNDLE_LOADER = "$(TEST_HOST)";
				FRAMEWORK_SEARCH_PATHS = (
					"$(SDKROOT)/Developer/Library/Frameworks",
					"$(inherited)",
				);
				GCC_PREPROCESSOR_DEFINITIONS = (
					"DEBUG=1",
					"$(inherited)",
				);
				INFOPLIST_FILE = HotelsGaloreTests/Info.plist;
				LD_RUNPATH_SEARCH_PATHS = "$(inherited) @executable_path/Frameworks @loader_path/Frameworks";
				PRODUCT_NAME = "$(TARGET_NAME)";
				TEST_HOST = "$(BUILT_PRODUCTS_DIR)/HotelsGalore.app/HotelsGalore";
			};
			name = Debug;
		};
		487785DD1A89548B00AFDCB9 /* Release */ = {
			isa = XCBuildConfiguration;
			buildSettings = {
				BUNDLE_LOADER = "$(TEST_HOST)";
				FRAMEWORK_SEARCH_PATHS = (
					"$(SDKROOT)/Developer/Library/Frameworks",
					"$(inherited)",
				);
				INFOPLIST_FILE = HotelsGaloreTests/Info.plist;
				LD_RUNPATH_SEARCH_PATHS = "$(inherited) @executable_path/Frameworks @loader_path/Frameworks";
				PRODUCT_NAME = "$(TARGET_NAME)";
				TEST_HOST = "$(BUILT_PRODUCTS_DIR)/HotelsGalore.app/HotelsGalore";
			};
			name = Release;
		};
/* End XCBuildConfiguration section */

/* Begin XCConfigurationList section */
		487785AD1A89548A00AFDCB9 /* Build configuration list for PBXProject "HotelsGalore" */ = {
			isa = XCConfigurationList;
			buildConfigurations = (
				487785D61A89548B00AFDCB9 /* Debug */,
				487785D71A89548B00AFDCB9 /* Release */,
			);
			defaultConfigurationIsVisible = 0;
			defaultConfigurationName = Release;
		};
		487785D81A89548B00AFDCB9 /* Build configuration list for PBXNativeTarget "HotelsGalore" */ = {
			isa = XCConfigurationList;
			buildConfigurations = (
				487785D91A89548B00AFDCB9 /* Debug */,
				487785DA1A89548B00AFDCB9 /* Release */,
			);
			defaultConfigurationIsVisible = 0;
			defaultConfigurationName = Release;
		};
		487785DB1A89548B00AFDCB9 /* Build configuration list for PBXNativeTarget "HotelsGaloreTests" */ = {
			isa = XCConfigurationList;
			buildConfigurations = (
				487785DC1A89548B00AFDCB9 /* Debug */,
				487785DD1A89548B00AFDCB9 /* Release */,
			);
			defaultConfigurationIsVisible = 0;
			defaultConfigurationName = Release;
		};
/* End XCConfigurationList section */

/* Begin XCVersionGroup section */
		487785BC1A89548B00AFDCB9 /* HotelsGalore.xcdatamodeld */ = {
			isa = XCVersionGroup;
			children = (
				487785BD1A89548B00AFDCB9 /* HotelsGalore.xcdatamodel */,
			);
			currentVersion = 487785BD1A89548B00AFDCB9 /* HotelsGalore.xcdatamodel */;
			path = HotelsGalore.xcdatamodeld;
			sourceTree = "<group>";
			versionGroupType = wrapper.xcdatamodel;
		};
/* End XCVersionGroup section */
	};
	rootObject = 487785AA1A89548A00AFDCB9 /* Project object */;
}
